
Microsoft Visual Studio Solution File, Format Version 12.00
# Visual Studio Version 16
VisualStudioVersion = 16.0.30320.27
MinimumVisualStudioVersion = 10.0.40219.1
Project("{FAE04EC0-301F-11D3-BF4B-00C04F79EFBC}") = "redoc-lesson-2", "redoc-lesson-2\redoc-lesson-2.csproj", "{5F9B1C15-F461-40D9-A0DE-7BE35B6C2C97}"
EndProject
Global
	GlobalSection(SolutionConfigurationPlatforms) = preSolution
		Debug|Any CPU = Debug|Any CPU
		Release|Any CPU = Release|Any CPU
	EndGlobalSection
	GlobalSection(ProjectConfigurationPlatforms) = postSolution
		{5F9B1C15-F461-40D9-A0DE-7BE35B6C2C97}.Debug|Any CPU.ActiveCfg = Debug|Any CPU
		{5F9B1C15-F461-40D9-A0DE-7BE35B6C2C97}.Debug|Any CPU.Build.0 = Debug|Any CPU
		{5F9B1C15-F461-40D9-A0DE-7BE35B6C2C97}.Release|Any CPU.ActiveCfg = Release|Any CPU
		{5F9B1C15-F461-40D9-A0DE-7BE35B6C2C97}.Release|Any CPU.Build.0 = Release|Any CPU
	EndGlobalSection
	GlobalSection(SolutionProperties) = preSolution
		HideSolutionNode = FALSE
	EndGlobalSection
	GlobalSection(ExtensibilityGlobals) = postSolution
		SolutionGuid = {94C4BBDA-1C94-45FE-AED1-E2943956F764}
	EndGlobalSection
EndGlobal
